
Microsoft Visual Studio Solution File, Format Version 12.00
# Visual Studio Version 16
VisualStudioVersion = 16.0.29409.12
MinimumVisualStudioVersion = 10.0.40219.1
Project("{FAE04EC0-301F-11D3-BF4B-00C04F79EFBC}") = "Alcootest", "Alcootest.csproj", "{28D8E7D2-DB7F-483A-977B-B1B0614E1FDA}"
EndProject
Global
	GlobalSection(SolutionConfigurationPlatforms) = preSolution
		Debug|Any CPU = Debug|Any CPU
		Release|Any CPU = Release|Any CPU
	EndGlobalSection
	GlobalSection(ProjectConfigurationPlatforms) = postSolution
		{28D8E7D2-DB7F-483A-977B-B1B0614E1FDA}.Debug|Any CPU.ActiveCfg = Debug|Any CPU
		{28D8E7D2-DB7F-483A-977B-B1B0614E1FDA}.Debug|Any CPU.Build.0 = Debug|Any CPU
		{28D8E7D2-DB7F-483A-977B-B1B0614E1FDA}.Release|Any CPU.ActiveCfg = Release|Any CPU
		{28D8E7D2-DB7F-483A-977B-B1B0614E1FDA}.Release|Any CPU.Build.0 = Release|Any CPU
	EndGlobalSection
	GlobalSection(SolutionProperties) = preSolution
		HideSolutionNode = FALSE
	EndGlobalSection
	GlobalSection(ExtensibilityGlobals) = postSolution
		SolutionGuid = {409E7F2C-13F6-40F1-B5B6-BFAC96876AC9}
	EndGlobalSection
EndGlobal
